// !$*UTF8*$!
{
	archiveVersion = 1;
	classes = {
	};
	objectVersion = 48;
	objects = {

/* Begin PBXBuildFile section */
		95CFDF6C20073BF300F314E8 /* SwiftUntilsTool.h in Headers */ = {isa = PBXBuildFile; fileRef = 95CFDF5E20073BF300F314E8 /* SwiftUntilsTool.h */; settings = {ATTRIBUTES = (Public, ); }; };
		95CFDF7C20073C6000F314E8 /* AccessSystem.swift in Sources */ = {isa = PBXBuildFile; fileRef = 95CFDF7620073C6000F314E8 /* AccessSystem.swift */; };
		95CFDF7D20073C6000F314E8 /* Constants.swift in Sources */ = {isa = PBXBuildFile; fileRef = 95CFDF7720073C6000F314E8 /* Constants.swift */; };
		95CFDF7E20073C6000F314E8 /* DateHelper.swift in Sources */ = {isa = PBXBuildFile; fileRef = 95CFDF7820073C6000F314E8 /* DateHelper.swift */; };
		95CFDF7F20073C6000F314E8 /* GCDHelper.swift in Sources */ = {isa = PBXBuildFile; fileRef = 95CFDF7920073C6000F314E8 /* GCDHelper.swift */; };
		95CFDF8020073C6000F314E8 /* PathHelper.swift in Sources */ = {isa = PBXBuildFile; fileRef = 95CFDF7A20073C6000F314E8 /* PathHelper.swift */; };
		95CFDF8120073C6000F314E8 /* RegularManage.swift in Sources */ = {isa = PBXBuildFile; fileRef = 95CFDF7B20073C6000F314E8 /* RegularManage.swift */; };
		95CFDF8820073C6F00F314E8 /* BorderLineViews.swift in Sources */ = {isa = PBXBuildFile; fileRef = 95CFDF8320073C6F00F314E8 /* BorderLineViews.swift */; };
		95CFDF8920073C6F00F314E8 /* CountDownBT.swift in Sources */ = {isa = PBXBuildFile; fileRef = 95CFDF8420073C6F00F314E8 /* CountDownBT.swift */; };
		95CFDF8A20073C6F00F314E8 /* DottedLineView.swift in Sources */ = {isa = PBXBuildFile; fileRef = 95CFDF8520073C6F00F314E8 /* DottedLineView.swift */; };
		95CFDF8B20073C6F00F314E8 /* RoundCornerLineViews.swift in Sources */ = {isa = PBXBuildFile; fileRef = 95CFDF8620073C6F00F314E8 /* RoundCornerLineViews.swift */; };
		95CFDF8C20073C6F00F314E8 /* RoundCornerViews.swift in Sources */ = {isa = PBXBuildFile; fileRef = 95CFDF8720073C6F00F314E8 /* RoundCornerViews.swift */; };
		95CFDF9C20073C7A00F314E8 /* BaseDataExtension.swift in Sources */ = {isa = PBXBuildFile; fileRef = 95CFDF8E20073C7A00F314E8 /* BaseDataExtension.swift */; };
		95CFDF9D20073C7A00F314E8 /* ColorExtension.swift in Sources */ = {isa = PBXBuildFile; fileRef = 95CFDF8F20073C7A00F314E8 /* ColorExtension.swift */; };
		95CFDF9E20073C7A00F314E8 /* FileManagerExtension.swift in Sources */ = {isa = PBXBuildFile; fileRef = 95CFDF9020073C7A00F314E8 /* FileManagerExtension.swift */; };
		95CFDF9F20073C7A00F314E8 /* NSAttributedStringExtension.swift in Sources */ = {isa = PBXBuildFile; fileRef = 95CFDF9120073C7A00F314E8 /* NSAttributedStringExtension.swift */; };
		95CFDFA020073C7A00F314E8 /* StringExtension.swift in Sources */ = {isa = PBXBuildFile; fileRef = 95CFDF9220073C7A00F314E8 /* StringExtension.swift */; };
		95CFDFA120073C7A00F314E8 /* UIButtonExtension.swift in Sources */ = {isa = PBXBuildFile; fileRef = 95CFDF9320073C7A00F314E8 /* UIButtonExtension.swift */; };
		95CFDFA220073C7A00F314E8 /* UIImageExtension.swift in Sources */ = {isa = PBXBuildFile; fileRef = 95CFDF9420073C7A00F314E8 /* UIImageExtension.swift */; };
		95CFDFA320073C7A00F314E8 /* UIImageViewExtension.swift in Sources */ = {isa = PBXBuildFile; fileRef = 95CFDF9520073C7A00F314E8 /* UIImageViewExtension.swift */; };
		95CFDFA420073C7A00F314E8 /* UILabelExtension.swift in Sources */ = {isa = PBXBuildFile; fileRef = 95CFDF9620073C7A00F314E8 /* UILabelExtension.swift */; };
		95CFDFA520073C7A00F314E8 /* UITableViewExtension.swift in Sources */ = {isa = PBXBuildFile; fileRef = 95CFDF9720073C7A00F314E8 /* UITableViewExtension.swift */; };
		95CFDFA620073C7A00F314E8 /* UITextFieldExtension.swift in Sources */ = {isa = PBXBuildFile; fileRef = 95CFDF9820073C7A00F314E8 /* UITextFieldExtension.swift */; };
		95CFDFA720073C7A00F314E8 /* UITextViewExtension.swift in Sources */ = {isa = PBXBuildFile; fileRef = 95CFDF9920073C7A00F314E8 /* UITextViewExtension.swift */; };
		95CFDFA820073C7A00F314E8 /* UIViewControllerExtension.swift in Sources */ = {isa = PBXBuildFile; fileRef = 95CFDF9A20073C7A00F314E8 /* UIViewControllerExtension.swift */; };
		95CFDFA920073C7A00F314E8 /* UIViewExtension.swift in Sources */ = {isa = PBXBuildFile; fileRef = 95CFDF9B20073C7A00F314E8 /* UIViewExtension.swift */; };
		95CFDFAD20073C8400F314E8 /* UIViewControllerProtocol.swift in Sources */ = {isa = PBXBuildFile; fileRef = 95CFDFAB20073C8400F314E8 /* UIViewControllerProtocol.swift */; };
		95CFDFAE20073C8400F314E8 /* UIViewProtocol.swift in Sources */ = {isa = PBXBuildFile; fileRef = 95CFDFAC20073C8400F314E8 /* UIViewProtocol.swift */; };
/* End PBXBuildFile section */

/* Begin PBXFileReference section */
		95CFDF5B20073BF300F314E8 /* SwiftUntilsTool.framework */ = {isa = PBXFileReference; explicitFileType = wrapper.framework; includeInIndex = 0; path = SwiftUntilsTool.framework; sourceTree = BUILT_PRODUCTS_DIR; };
		95CFDF5E20073BF300F314E8 /* SwiftUntilsTool.h */ = {isa = PBXFileReference; lastKnownFileType = sourcecode.c.h; path = SwiftUntilsTool.h; sourceTree = "<group>"; };
		95CFDF5F20073BF300F314E8 /* Info.plist */ = {isa = PBXFileReference; lastKnownFileType = text.plist.xml; path = Info.plist; sourceTree = "<group>"; };
		95CFDF7620073C6000F314E8 /* AccessSystem.swift */ = {isa = PBXFileReference; fileEncoding = 4; lastKnownFileType = sourcecode.swift; path = AccessSystem.swift; sourceTree = "<group>"; };
		95CFDF7720073C6000F314E8 /* Constants.swift */ = {isa = PBXFileReference; fileEncoding = 4; lastKnownFileType = sourcecode.swift; path = Constants.swift; sourceTree = "<group>"; };
		95CFDF7820073C6000F314E8 /* DateHelper.swift */ = {isa = PBXFileReference; fileEncoding = 4; lastKnownFileType = sourcecode.swift; path = DateHelper.swift; sourceTree = "<group>"; };
		95CFDF7920073C6000F314E8 /* GCDHelper.swift */ = {isa = PBXFileReference; fileEncoding = 4; lastKnownFileType = sourcecode.swift; path = GCDHelper.swift; sourceTree = "<group>"; };
		95CFDF7A20073C6000F314E8 /* PathHelper.swift */ = {isa = PBXFileReference; fileEncoding = 4; lastKnownFileType = sourcecode.swift; path = PathHelper.swift; sourceTree = "<group>"; };
		95CFDF7B20073C6000F314E8 /* RegularManage.swift */ = {isa = PBXFileReference; fileEncoding = 4; lastKnownFileType = sourcecode.swift; path = RegularManage.swift; sourceTree = "<group>"; };
		95CFDF8320073C6F00F314E8 /* BorderLineViews.swift */ = {isa = PBXFileReference; fileEncoding = 4; lastKnownFileType = sourcecode.swift; path = BorderLineViews.swift; sourceTree = "<group>"; };
		95CFDF8420073C6F00F314E8 /* CountDownBT.swift */ = {isa = PBXFileReference; fileEncoding = 4; lastKnownFileType = sourcecode.swift; path = CountDownBT.swift; sourceTree = "<group>"; };
		95CFDF8520073C6F00F314E8 /* DottedLineView.swift */ = {isa = PBXFileReference; fileEncoding = 4; lastKnownFileType = sourcecode.swift; path = DottedLineView.swift; sourceTree = "<group>"; };
		95CFDF8620073C6F00F314E8 /* RoundCornerLineViews.swift */ = {isa = PBXFileReference; fileEncoding = 4; lastKnownFileType = sourcecode.swift; path = RoundCornerLineViews.swift; sourceTree = "<group>"; };
		95CFDF8720073C6F00F314E8 /* RoundCornerViews.swift */ = {isa = PBXFileReference; fileEncoding = 4; lastKnownFileType = sourcecode.swift; path = RoundCornerViews.swift; sourceTree = "<group>"; };
		95CFDF8E20073C7A00F314E8 /* BaseDataExtension.swift */ = {isa = PBXFileReference; fileEncoding = 4; lastKnownFileType = sourcecode.swift; path = BaseDataExtension.swift; sourceTree = "<group>"; };
		95CFDF8F20073C7A00F314E8 /* ColorExtension.swift */ = {isa = PBXFileReference; fileEncoding = 4; lastKnownFileType = sourcecode.swift; path = ColorExtension.swift; sourceTree = "<group>"; };
		95CFDF9020073C7A00F314E8 /* FileManagerExtension.swift */ = {isa = PBXFileReference; fileEncoding = 4; lastKnownFileType = sourcecode.swift; path = FileManagerExtension.swift; sourceTree = "<group>"; };
		95CFDF9120073C7A00F314E8 /* NSAttributedStringExtension.swift */ = {isa = PBXFileReference; fileEncoding = 4; lastKnownFileType = sourcecode.swift; path = NSAttributedStringExtension.swift; sourceTree = "<group>"; };
		95CFDF9220073C7A00F314E8 /* StringExtension.swift */ = {isa = PBXFileReference; fileEncoding = 4; lastKnownFileType = sourcecode.swift; path = StringExtension.swift; sourceTree = "<group>"; };
		95CFDF9320073C7A00F314E8 /* UIButtonExtension.swift */ = {isa = PBXFileReference; fileEncoding = 4; lastKnownFileType = sourcecode.swift; path = UIButtonExtension.swift; sourceTree = "<group>"; };
		95CFDF9420073C7A00F314E8 /* UIImageExtension.swift */ = {isa = PBXFileReference; fileEncoding = 4; lastKnownFileType = sourcecode.swift; path = UIImageExtension.swift; sourceTree = "<group>"; };
		95CFDF9520073C7A00F314E8 /* UIImageViewExtension.swift */ = {isa = PBXFileReference; fileEncoding = 4; lastKnownFileType = sourcecode.swift; path = UIImageViewExtension.swift; sourceTree = "<group>"; };
		95CFDF9620073C7A00F314E8 /* UILabelExtension.swift */ = {isa = PBXFileReference; fileEncoding = 4; lastKnownFileType = sourcecode.swift; path = UILabelExtension.swift; sourceTree = "<group>"; };
		95CFDF9720073C7A00F314E8 /* UITableViewExtension.swift */ = {isa = PBXFileReference; fileEncoding = 4; lastKnownFileType = sourcecode.swift; path = UITableViewExtension.swift; sourceTree = "<group>"; };
		95CFDF9820073C7A00F314E8 /* UITextFieldExtension.swift */ = {isa = PBXFileReference; fileEncoding = 4; lastKnownFileType = sourcecode.swift; path = UITextFieldExtension.swift; sourceTree = "<group>"; };
		95CFDF9920073C7A00F314E8 /* UITextViewExtension.swift */ = {isa = PBXFileReference; fileEncoding = 4; lastKnownFileType = sourcecode.swift; path = UITextViewExtension.swift; sourceTree = "<group>"; };
		95CFDF9A20073C7A00F314E8 /* UIViewControllerExtension.swift */ = {isa = PBXFileReference; fileEncoding = 4; lastKnownFileType = sourcecode.swift; path = UIViewControllerExtension.swift; sourceTree = "<group>"; };
		95CFDF9B20073C7A00F314E8 /* UIViewExtension.swift */ = {isa = PBXFileReference; fileEncoding = 4; lastKnownFileType = sourcecode.swift; path = UIViewExtension.swift; sourceTree = "<group>"; };
		95CFDFAB20073C8400F314E8 /* UIViewControllerProtocol.swift */ = {isa = PBXFileReference; fileEncoding = 4; lastKnownFileType = sourcecode.swift; path = UIViewControllerProtocol.swift; sourceTree = "<group>"; };
		95CFDFAC20073C8400F314E8 /* UIViewProtocol.swift */ = {isa = PBXFileReference; fileEncoding = 4; lastKnownFileType = sourcecode.swift; path = UIViewProtocol.swift; sourceTree = "<group>"; };
/* End PBXFileReference section */

/* Begin PBXFrameworksBuildPhase section */
		95CFDF5720073BF300F314E8 /* Frameworks */ = {
			isa = PBXFrameworksBuildPhase;
			buildActionMask = 2147483647;
			files = (
			);
			runOnlyForDeploymentPostprocessing = 0;
		};
/* End PBXFrameworksBuildPhase section */

/* Begin PBXGroup section */
		95CFDF5120073BF300F314E8 = {
			isa = PBXGroup;
			children = (
				95CFDF5D20073BF300F314E8 /* SwiftUntilsTool */,
				95CFDF5C20073BF300F314E8 /* Products */,
			);
			sourceTree = "<group>";
		};
		95CFDF5C20073BF300F314E8 /* Products */ = {
			isa = PBXGroup;
			children = (
				95CFDF5B20073BF300F314E8 /* SwiftUntilsTool.framework */,
			);
			name = Products;
			sourceTree = "<group>";
		};
		95CFDF5D20073BF300F314E8 /* SwiftUntilsTool */ = {
			isa = PBXGroup;
			children = (
				95CFDFAA20073C8400F314E8 /* Protocol */,
				95CFDF8D20073C7A00F314E8 /* Extension */,
				95CFDF8220073C6F00F314E8 /* CustomView */,
				95CFDF7520073C6000F314E8 /* Core */,
				95CFDF5E20073BF300F314E8 /* SwiftUntilsTool.h */,
				95CFDF5F20073BF300F314E8 /* Info.plist */,
			);
			path = SwiftUntilsTool;
			sourceTree = "<group>";
		};
		95CFDF7520073C6000F314E8 /* Core */ = {
			isa = PBXGroup;
			children = (
				95CFDF7620073C6000F314E8 /* AccessSystem.swift */,
				95CFDF7720073C6000F314E8 /* Constants.swift */,
				95CFDF7820073C6000F314E8 /* DateHelper.swift */,
				95CFDF7920073C6000F314E8 /* GCDHelper.swift */,
				95CFDF7A20073C6000F314E8 /* PathHelper.swift */,
				95CFDF7B20073C6000F314E8 /* RegularManage.swift */,
			);
			path = Core;
			sourceTree = "<group>";
		};
		95CFDF8220073C6F00F314E8 /* CustomView */ = {
			isa = PBXGroup;
			children = (
				95CFDF8320073C6F00F314E8 /* BorderLineViews.swift */,
				95CFDF8420073C6F00F314E8 /* CountDownBT.swift */,
				95CFDF8520073C6F00F314E8 /* DottedLineView.swift */,
				95CFDF8620073C6F00F314E8 /* RoundCornerLineViews.swift */,
				95CFDF8720073C6F00F314E8 /* RoundCornerViews.swift */,
			);
			path = CustomView;
			sourceTree = "<group>";
		};
		95CFDF8D20073C7A00F314E8 /* Extension */ = {
			isa = PBXGroup;
			children = (
				95CFDF8E20073C7A00F314E8 /* BaseDataExtension.swift */,
				95CFDF8F20073C7A00F314E8 /* ColorExtension.swift */,
				95CFDF9020073C7A00F314E8 /* FileManagerExtension.swift */,
				95CFDF9120073C7A00F314E8 /* NSAttributedStringExtension.swift */,
				95CFDF9220073C7A00F314E8 /* StringExtension.swift */,
				95CFDF9320073C7A00F314E8 /* UIButtonExtension.swift */,
				95CFDF9420073C7A00F314E8 /* UIImageExtension.swift */,
				95CFDF9520073C7A00F314E8 /* UIImageViewExtension.swift */,
				95CFDF9620073C7A00F314E8 /* UILabelExtension.swift */,
				95CFDF9720073C7A00F314E8 /* UITableViewExtension.swift */,
				95CFDF9820073C7A00F314E8 /* UITextFieldExtension.swift */,
				95CFDF9920073C7A00F314E8 /* UITextViewExtension.swift */,
				95CFDF9A20073C7A00F314E8 /* UIViewControllerExtension.swift */,
				95CFDF9B20073C7A00F314E8 /* UIViewExtension.swift */,
			);
			path = Extension;
			sourceTree = "<group>";
		};
		95CFDFAA20073C8400F314E8 /* Protocol */ = {
			isa = PBXGroup;
			children = (
				95CFDFAB20073C8400F314E8 /* UIViewControllerProtocol.swift */,
				95CFDFAC20073C8400F314E8 /* UIViewProtocol.swift */,
			);
			path = Protocol;
			sourceTree = "<group>";
		};
/* End PBXGroup section */

/* Begin PBXHeadersBuildPhase section */
		95CFDF5820073BF300F314E8 /* Headers */ = {
			isa = PBXHeadersBuildPhase;
			buildActionMask = 2147483647;
			files = (
				95CFDF6C20073BF300F314E8 /* SwiftUntilsTool.h in Headers */,
			);
			runOnlyForDeploymentPostprocessing = 0;
		};
/* End PBXHeadersBuildPhase section */

/* Begin PBXNativeTarget section */
		95CFDF5A20073BF300F314E8 /* SwiftUntilsTool */ = {
			isa = PBXNativeTarget;
			buildConfigurationList = 95CFDF6F20073BF300F314E8 /* Build configuration list for PBXNativeTarget "SwiftUntilsTool" */;
			buildPhases = (
				95CFDF5620073BF300F314E8 /* Sources */,
				95CFDF5720073BF300F314E8 /* Frameworks */,
				95CFDF5820073BF300F314E8 /* Headers */,
				95CFDF5920073BF300F314E8 /* Resources */,
			);
			buildRules = (
			);
			dependencies = (
			);
			name = SwiftUntilsTool;
			productName = SwiftUntilsTool;
			productReference = 95CFDF5B20073BF300F314E8 /* SwiftUntilsTool.framework */;
			productType = "com.apple.product-type.framework";
		};
/* End PBXNativeTarget section */

/* Begin PBXProject section */
		95CFDF5220073BF300F314E8 /* Project object */ = {
			isa = PBXProject;
			attributes = {
				LastSwiftUpdateCheck = 0920;
				LastUpgradeCheck = 0920;
				ORGANIZATIONNAME = TanLinwei;
				TargetAttributes = {
					95CFDF5A20073BF300F314E8 = {
						CreatedOnToolsVersion = 9.2;
						ProvisioningStyle = Automatic;
					};
				};
			};
			buildConfigurationList = 95CFDF5520073BF300F314E8 /* Build configuration list for PBXProject "SwiftUntilsTool" */;
			compatibilityVersion = "Xcode 8.0";
			developmentRegion = en;
			hasScannedForEncodings = 0;
			knownRegions = (
				en,
			);
			mainGroup = 95CFDF5120073BF300F314E8;
			productRefGroup = 95CFDF5C20073BF300F314E8 /* Products */;
			projectDirPath = "";
			projectRoot = "";
			targets = (
				95CFDF5A20073BF300F314E8 /* SwiftUntilsTool */,
			);
		};
/* End PBXProject section */

/* Begin PBXResourcesBuildPhase section */
		95CFDF5920073BF300F314E8 /* Resources */ = {
			isa = PBXResourcesBuildPhase;
			buildActionMask = 2147483647;
			files = (
			);
			runOnlyForDeploymentPostprocessing = 0;
		};
/* End PBXResourcesBuildPhase section */

/* Begin PBXSourcesBuildPhase section */
		95CFDF5620073BF300F314E8 /* Sources */ = {
			isa = PBXSourcesBuildPhase;
			buildActionMask = 2147483647;
			files = (
				95CFDF9F20073C7A00F314E8 /* NSAttributedStringExtension.swift in Sources */,
				95CFDFAE20073C8400F314E8 /* UIViewProtocol.swift in Sources */,
				95CFDF7F20073C6000F314E8 /* GCDHelper.swift in Sources */,
				95CFDF7E20073C6000F314E8 /* DateHelper.swift in Sources */,
				95CFDFA320073C7A00F314E8 /* UIImageViewExtension.swift in Sources */,
				95CFDF7C20073C6000F314E8 /* AccessSystem.swift in Sources */,
				95CFDFA720073C7A00F314E8 /* UITextViewExtension.swift in Sources */,
				95CFDFA620073C7A00F314E8 /* UITextFieldExtension.swift in Sources */,
				95CFDFA020073C7A00F314E8 /* StringExtension.swift in Sources */,
				95CFDFA520073C7A00F314E8 /* UITableViewExtension.swift in Sources */,
				95CFDFA220073C7A00F314E8 /* UIImageExtension.swift in Sources */,
				95CFDF8920073C6F00F314E8 /* CountDownBT.swift in Sources */,
				95CFDF9C20073C7A00F314E8 /* BaseDataExtension.swift in Sources */,
				95CFDFA120073C7A00F314E8 /* UIButtonExtension.swift in Sources */,
				95CFDF8820073C6F00F314E8 /* BorderLineViews.swift in Sources */,
				95CFDF8020073C6000F314E8 /* PathHelper.swift in Sources */,
				95CFDFA420073C7A00F314E8 /* UILabelExtension.swift in Sources */,
				95CFDF8B20073C6F00F314E8 /* RoundCornerLineViews.swift in Sources */,
				95CFDF8A20073C6F00F314E8 /* DottedLineView.swift in Sources */,
				95CFDF9E20073C7A00F314E8 /* FileManagerExtension.swift in Sources */,
				95CFDF8C20073C6F00F314E8 /* RoundCornerViews.swift in Sources */,
				95CFDFAD20073C8400F314E8 /* UIViewControllerProtocol.swift in Sources */,
				95CFDFA920073C7A00F314E8 /* UIViewExtension.swift in Sources */,
				95CFDFA820073C7A00F314E8 /* UIViewControllerExtension.swift in Sources */,
				95CFDF7D20073C6000F314E8 /* Constants.swift in Sources */,
				95CFDF8120073C6000F314E8 /* RegularManage.swift in Sources */,
				95CFDF9D20073C7A00F314E8 /* ColorExtension.swift in Sources */,
			);
			runOnlyForDeploymentPostprocessing = 0;
		};
/* End PBXSourcesBuildPhase section */

/* Begin XCBuildConfiguration section */
		95CFDF6D20073BF300F314E8 /* Debug */ = {
			isa = XCBuildConfiguration;
			buildSettings = {
				ALWAYS_SEARCH_USER_PATHS = NO;
				CLANG_ANALYZER_NONNULL = YES;
				CLANG_ANALYZER_NUMBER_OBJECT_CONVERSION = YES_AGGRESSIVE;
				CLANG_CXX_LANGUAGE_STANDARD = "gnu++14";
				CLANG_CXX_LIBRARY = "libc++";
				CLANG_ENABLE_MODULES = YES;
				CLANG_ENABLE_OBJC_ARC = YES;
				CLANG_WARN_BLOCK_CAPTURE_AUTORELEASING = YES;
				CLANG_WARN_BOOL_CONVERSION = YES;
				CLANG_WARN_COMMA = YES;
				CLANG_WARN_CONSTANT_CONVERSION = YES;
				CLANG_WARN_DIRECT_OBJC_ISA_USAGE = YES_ERROR;
				CLANG_WARN_DOCUMENTATION_COMMENTS = YES;
				CLANG_WARN_EMPTY_BODY = YES;
				CLANG_WARN_ENUM_CONVERSION = YES;
				CLANG_WARN_INFINITE_RECURSION = YES;
				CLANG_WARN_INT_CONVERSION = YES;
				CLANG_WARN_NON_LITERAL_NULL_CONVERSION = YES;
				CLANG_WARN_OBJC_LITERAL_CONVERSION = YES;
				CLANG_WARN_OBJC_ROOT_CLASS = YES_ERROR;
				CLANG_WARN_RANGE_LOOP_ANALYSIS = YES;
				CLANG_WARN_STRICT_PROTOTYPES = YES;
				CLANG_WARN_SUSPICIOUS_MOVE = YES;
				CLANG_WARN_UNGUARDED_AVAILABILITY = YES_AGGRESSIVE;
				CLANG_WARN_UNREACHABLE_CODE = YES;
				CLANG_WARN__DUPLICATE_METHOD_MATCH = YES;
				CODE_SIGN_IDENTITY = "iPhone Developer";
				COPY_PHASE_STRIP = NO;
				CURRENT_PROJECT_VERSION = 1;
				DEBUG_INFORMATION_FORMAT = dwarf;
				ENABLE_STRICT_OBJC_MSGSEND = YES;
				ENABLE_TESTABILITY = YES;
				GCC_C_LANGUAGE_STANDARD = gnu11;
				GCC_DYNAMIC_NO_PIC = NO;
				GCC_NO_COMMON_BLOCKS = YES;
				GCC_OPTIMIZATION_LEVEL = 0;
				GCC_PREPROCESSOR_DEFINITIONS = (
					"DEBUG=1",
					"$(inherited)",
				);
				GCC_WARN_64_TO_32_BIT_CONVERSION = YES;
				GCC_WARN_ABOUT_RETURN_TYPE = YES_ERROR;
				GCC_WARN_UNDECLARED_SELECTOR = YES;
				GCC_WARN_UNINITIALIZED_AUTOS = YES_AGGRESSIVE;
				GCC_WARN_UNUSED_FUNCTION = YES;
				GCC_WARN_UNUSED_VARIABLE = YES;
				IPHONEOS_DEPLOYMENT_TARGET = 8.0;
				MTL_ENABLE_DEBUG_INFO = YES;
				ONLY_ACTIVE_ARCH = YES;
				SDKROOT = iphoneos;
				SWIFT_ACTIVE_COMPILATION_CONDITIONS = DEBUG;
				SWIFT_OPTIMIZATION_LEVEL = "-Onone";
				VERSIONING_SYSTEM = "apple-generic";
				VERSION_INFO_PREFIX = "";
			};
			name = Debug;
		};
		95CFDF6E20073BF300F314E8 /* Release */ = {
			isa = XCBuildConfiguration;
			buildSettings = {
				ALWAYS_SEARCH_USER_PATHS = NO;
				CLANG_ANALYZER_NONNULL = YES;
				CLANG_ANALYZER_NUMBER_OBJECT_CONVERSION = YES_AGGRESSIVE;
				CLANG_CXX_LANGUAGE_STANDARD = "gnu++14";
				CLANG_CXX_LIBRARY = "libc++";
				CLANG_ENABLE_MODULES = YES;
				CLANG_ENABLE_OBJC_ARC = YES;
				CLANG_WARN_BLOCK_CAPTURE_AUTORELEASING = YES;
				CLANG_WARN_BOOL_CONVERSION = YES;
				CLANG_WARN_COMMA = YES;
				CLANG_WARN_CONSTANT_CONVERSION = YES;
				CLANG_WARN_DIRECT_OBJC_ISA_USAGE = YES_ERROR;
				CLANG_WARN_DOCUMENTATION_COMMENTS = YES;
				CLANG_WARN_EMPTY_BODY = YES;
				CLANG_WARN_ENUM_CONVERSION = YES;
				CLANG_WARN_INFINITE_RECURSION = YES;
				CLANG_WARN_INT_CONVERSION = YES;
				CLANG_WARN_NON_LITERAL_NULL_CONVERSION = YES;
				CLANG_WARN_OBJC_LITERAL_CONVERSION = YES;
				CLANG_WARN_OBJC_ROOT_CLASS = YES_ERROR;
				CLANG_WARN_RANGE_LOOP_ANALYSIS = YES;
				CLANG_WARN_STRICT_PROTOTYPES = YES;
				CLANG_WARN_SUSPICIOUS_MOVE = YES;
				CLANG_WARN_UNGUARDED_AVAILABILITY = YES_AGGRESSIVE;
				CLANG_WARN_UNREACHABLE_CODE = YES;
				CLANG_WARN__DUPLICATE_METHOD_MATCH = YES;
				CODE_SIGN_IDENTITY = "iPhone Developer";
				COPY_PHASE_STRIP = NO;
				CURRENT_PROJECT_VERSION = 1;
				DEBUG_INFORMATION_FORMAT = "dwarf-with-dsym";
				ENABLE_NS_ASSERTIONS = NO;
				ENABLE_STRICT_OBJC_MSGSEND = YES;
				GCC_C_LANGUAGE_STANDARD = gnu11;
				GCC_NO_COMMON_BLOCKS = YES;
				GCC_WARN_64_TO_32_BIT_CONVERSION = YES;
				GCC_WARN_ABOUT_RETURN_TYPE = YES_ERROR;
				GCC_WARN_UNDECLARED_SELECTOR = YES;
				GCC_WARN_UNINITIALIZED_AUTOS = YES_AGGRESSIVE;
				GCC_WARN_UNUSED_FUNCTION = YES;
				GCC_WARN_UNUSED_VARIABLE = YES;
				IPHONEOS_DEPLOYMENT_TARGET = 8.0;
				MTL_ENABLE_DEBUG_INFO = NO;
				SDKROOT = iphoneos;
				SWIFT_OPTIMIZATION_LEVEL = "-Owholemodule";
				VALIDATE_PRODUCT = YES;
				VERSIONING_SYSTEM = "apple-generic";
				VERSION_INFO_PREFIX = "";
			};
			name = Release;
		};
		95CFDF7020073BF300F314E8 /* Debug */ = {
			isa = XCBuildConfiguration;
			buildSettings = {
				CODE_SIGN_IDENTITY = "";
				CODE_SIGN_STYLE = Automatic;
				DEFINES_MODULE = YES;
				DYLIB_COMPATIBILITY_VERSION = 1;
				DYLIB_CURRENT_VERSION = 1;
				DYLIB_INSTALL_NAME_BASE = "@rpath";
				INFOPLIST_FILE = SwiftUntilsTool/Info.plist;
				INSTALL_PATH = "$(LOCAL_LIBRARY_DIR)/Frameworks";
				LD_RUNPATH_SEARCH_PATHS = "$(inherited) @executable_path/Frameworks @loader_path/Frameworks";
				PRODUCT_BUNDLE_IDENTIFIER = TanLinwei.SwiftUntilsTool;
				PRODUCT_NAME = "$(TARGET_NAME:c99extidentifier)";
				SKIP_INSTALL = YES;
				SWIFT_VERSION = 4.0;
				TARGETED_DEVICE_FAMILY = "1,2";
			};
			name = Debug;
		};
		95CFDF7120073BF300F314E8 /* Release */ = {
			isa = XCBuildConfiguration;
			buildSettings = {
				CODE_SIGN_IDENTITY = "";
				CODE_SIGN_STYLE = Automatic;
				DEFINES_MODULE = YES;
				DYLIB_COMPATIBILITY_VERSION = 1;
				DYLIB_CURRENT_VERSION = 1;
				DYLIB_INSTALL_NAME_BASE = "@rpath";
				INFOPLIST_FILE = SwiftUntilsTool/Info.plist;
				INSTALL_PATH = "$(LOCAL_LIBRARY_DIR)/Frameworks";
				LD_RUNPATH_SEARCH_PATHS = "$(inherited) @executable_path/Frameworks @loader_path/Frameworks";
				PRODUCT_BUNDLE_IDENTIFIER = TanLinwei.SwiftUntilsTool;
				PRODUCT_NAME = "$(TARGET_NAME:c99extidentifier)";
				SKIP_INSTALL = YES;
				SWIFT_VERSION = 4.0;
				TARGETED_DEVICE_FAMILY = "1,2";
			};
			name = Release;
		};
/* End XCBuildConfiguration section */

/* Begin XCConfigurationList section */
		95CFDF5520073BF300F314E8 /* Build configuration list for PBXProject "SwiftUntilsTool" */ = {
			isa = XCConfigurationList;
			buildConfigurations = (
				95CFDF6D20073BF300F314E8 /* Debug */,
				95CFDF6E20073BF300F314E8 /* Release */,
			);
			defaultConfigurationIsVisible = 0;
			defaultConfigurationName = Release;
		};
		95CFDF6F20073BF300F314E8 /* Build configuration list for PBXNativeTarget "SwiftUntilsTool" */ = {
			isa = XCConfigurationList;
			buildConfigurations = (
				95CFDF7020073BF300F314E8 /* Debug */,
				95CFDF7120073BF300F314E8 /* Release */,
			);
			defaultConfigurationIsVisible = 0;
			defaultConfigurationName = Release;
		};
/* End XCConfigurationList section */
	};
	rootObject = 95CFDF5220073BF300F314E8 /* Project object */;
}
